
Microsoft Visual Studio Solution File, Format Version 12.00
# Visual Studio Version 17
VisualStudioVersion = 17.6.33723.286
MinimumVisualStudioVersion = 10.0.40219.1
Project("{FAE04EC0-301F-11D3-BF4B-00C04F79EFBC}") = "HelloFromCSharp", "HelloFromCSharp\HelloFromCSharp.csproj", "{E1CB5792-3478-4076-B9E1-672CE4FE2418}"
EndProject
Global
	GlobalSection(SolutionConfigurationPlatforms) = preSolution
		Debug|Any CPU = Debug|Any CPU
		Release|Any CPU = Release|Any CPU
	EndGlobalSection
	GlobalSection(ProjectConfigurationPlatforms) = postSolution
		{E1CB5792-3478-4076-B9E1-672CE4FE2418}.Debug|Any CPU.ActiveCfg = Debug|Any CPU
		{E1CB5792-3478-4076-B9E1-672CE4FE2418}.Debug|Any CPU.Build.0 = Debug|Any CPU
		{E1CB5792-3478-4076-B9E1-672CE4FE2418}.Release|Any CPU.ActiveCfg = Release|Any CPU
		{E1CB5792-3478-4076-B9E1-672CE4FE2418}.Release|Any CPU.Build.0 = Release|Any CPU
	EndGlobalSection
	GlobalSection(SolutionProperties) = preSolution
		HideSolutionNode = FALSE
	EndGlobalSection
	GlobalSection(ExtensibilityGlobals) = postSolution
		SolutionGuid = {9477D623-7375-42A4-8C98-222CC0D7BE03}
	EndGlobalSection
EndGlobal
